
Microsoft Visual Studio Solution File, Format Version 12.00
# Visual Studio Version 17
VisualStudioVersion = 17.0.31903.59
MinimumVisualStudioVersion = 10.0.40219.1
Project("{FAE04EC0-301F-11D3-BF4B-00C04F79EFBC}") = "StaticSiteGen.Cli", "StaticSiteGen.Cli\StaticSiteGen.Cli.csproj", "{C3F6E3B1-AA98-4FC6-84A8-A34C63410C04}"
EndProject
Project("{FAE04EC0-301F-11D3-BF4B-00C04F79EFBC}") = "StaticSiteGen.Core", "StaticSiteGen.Core\StaticSiteGen.Core.csproj", "{DE452977-FC48-49DC-9F13-F8CE2FB6AB59}"
EndProject
Project("{FAE04EC0-301F-11D3-BF4B-00C04F79EFBC}") = "StaticSiteGen.DocsSite", "StaticSiteGen.DocsSite\StaticSiteGen.DocsSite.csproj", "{4E194B83-35B8-44C7-8739-528245C9BB70}"
EndProject
Global
	GlobalSection(SolutionConfigurationPlatforms) = preSolution
		Debug|Any CPU = Debug|Any CPU
		Release|Any CPU = Release|Any CPU
	EndGlobalSection
	GlobalSection(SolutionProperties) = preSolution
		HideSolutionNode = FALSE
	EndGlobalSection
	GlobalSection(ProjectConfigurationPlatforms) = postSolution
		{C3F6E3B1-AA98-4FC6-84A8-A34C63410C04}.Debug|Any CPU.ActiveCfg = Debug|Any CPU
		{C3F6E3B1-AA98-4FC6-84A8-A34C63410C04}.Debug|Any CPU.Build.0 = Debug|Any CPU
		{C3F6E3B1-AA98-4FC6-84A8-A34C63410C04}.Release|Any CPU.ActiveCfg = Release|Any CPU
		{C3F6E3B1-AA98-4FC6-84A8-A34C63410C04}.Release|Any CPU.Build.0 = Release|Any CPU
		{DE452977-FC48-49DC-9F13-F8CE2FB6AB59}.Debug|Any CPU.ActiveCfg = Debug|Any CPU
		{DE452977-FC48-49DC-9F13-F8CE2FB6AB59}.Debug|Any CPU.Build.0 = Debug|Any CPU
		{DE452977-FC48-49DC-9F13-F8CE2FB6AB59}.Release|Any CPU.ActiveCfg = Release|Any CPU
		{DE452977-FC48-49DC-9F13-F8CE2FB6AB59}.Release|Any CPU.Build.0 = Release|Any CPU
		{4E194B83-35B8-44C7-8739-528245C9BB70}.Debug|Any CPU.ActiveCfg = Debug|Any CPU
		{4E194B83-35B8-44C7-8739-528245C9BB70}.Debug|Any CPU.Build.0 = Debug|Any CPU
		{4E194B83-35B8-44C7-8739-528245C9BB70}.Release|Any CPU.ActiveCfg = Release|Any CPU
		{4E194B83-35B8-44C7-8739-528245C9BB70}.Release|Any CPU.Build.0 = Release|Any CPU
		{C60A3B32-AEE3-4D41-B961-C3E1DAB234A9}.Debug|Any CPU.ActiveCfg = Debug|Any CPU
		{C60A3B32-AEE3-4D41-B961-C3E1DAB234A9}.Debug|Any CPU.Build.0 = Debug|Any CPU
		{C60A3B32-AEE3-4D41-B961-C3E1DAB234A9}.Release|Any CPU.ActiveCfg = Release|Any CPU
		{C60A3B32-AEE3-4D41-B961-C3E1DAB234A9}.Release|Any CPU.Build.0 = Release|Any CPU
		{3FFCF17A-91AA-46B2-ADD8-BD0A88AA9254}.Debug|Any CPU.ActiveCfg = Debug|Any CPU
		{3FFCF17A-91AA-46B2-ADD8-BD0A88AA9254}.Debug|Any CPU.Build.0 = Debug|Any CPU
		{3FFCF17A-91AA-46B2-ADD8-BD0A88AA9254}.Release|Any CPU.ActiveCfg = Release|Any CPU
		{3FFCF17A-91AA-46B2-ADD8-BD0A88AA9254}.Release|Any CPU.Build.0 = Release|Any CPU
	EndGlobalSection
EndGlobal
